
Microsoft Visual Studio Solution File, Format Version 12.00
# Visual Studio Version 17
VisualStudioVersion = 17.14.36401.2 d17.14
MinimumVisualStudioVersion = 10.0.40219.1
Project("{FAE04EC0-301F-11D3-BF4B-00C04F79EFBC}") = "InterviewPrepApp", "InterviewPrepApp.csproj", "{C4F20564-A8A6-4EB2-9B73-66CCED0E02B7}"
EndProject
Global
	GlobalSection(SolutionConfigurationPlatforms) = preSolution
		Debug|Any CPU = Debug|Any CPU
		Release|Any CPU = Release|Any CPU
	EndGlobalSection
	GlobalSection(ProjectConfigurationPlatforms) = postSolution
		{C4F20564-A8A6-4EB2-9B73-66CCED0E02B7}.Debug|Any CPU.ActiveCfg = Debug|Any CPU
		{C4F20564-A8A6-4EB2-9B73-66CCED0E02B7}.Debug|Any CPU.Build.0 = Debug|Any CPU
		{C4F20564-A8A6-4EB2-9B73-66CCED0E02B7}.Release|Any CPU.ActiveCfg = Release|Any CPU
		{C4F20564-A8A6-4EB2-9B73-66CCED0E02B7}.Release|Any CPU.Build.0 = Release|Any CPU
	EndGlobalSection
	GlobalSection(SolutionProperties) = preSolution
		HideSolutionNode = FALSE
	EndGlobalSection
	GlobalSection(ExtensibilityGlobals) = postSolution
		SolutionGuid = {60F32FC6-9692-4515-AC3A-82313DA1D4CF}
	EndGlobalSection
EndGlobal
